
Microsoft Visual Studio Solution File, Format Version 12.00
# Visual Studio Version 17
VisualStudioVersion = 17.6.33723.286
MinimumVisualStudioVersion = 10.0.40219.1
Project("{9A19103F-16F7-4668-BE54-9A1E7A4F7556}") = "CyberOtag", "CyberOtag.csproj", "{5B0B44E7-0B59-466A-9192-B147FE7D836F}"
	ProjectSection(ProjectDependencies) = postProject
		{C7997784-FA4F-4E28-86CA-86077999C3B1} = {C7997784-FA4F-4E28-86CA-86077999C3B1}
	EndProjectSection
EndProject
Project("{9A19103F-16F7-4668-BE54-9A1E7A4F7556}") = "Service", "..\Service\Service.csproj", "{C7997784-FA4F-4E28-86CA-86077999C3B1}"
EndProject
Project("{9A19103F-16F7-4668-BE54-9A1E7A4F7556}") = "DbAccess", "..\DbAccess\DbAccess.csproj", "{84E155D8-519B-412B-BFA5-E86149EF2B82}"
EndProject
Global
	GlobalSection(SolutionConfigurationPlatforms) = preSolution
		Debug|Any CPU = Debug|Any CPU
		Release|Any CPU = Release|Any CPU
	EndGlobalSection
	GlobalSection(ProjectConfigurationPlatforms) = postSolution
		{5B0B44E7-0B59-466A-9192-B147FE7D836F}.Debug|Any CPU.ActiveCfg = Debug|Any CPU
		{5B0B44E7-0B59-466A-9192-B147FE7D836F}.Debug|Any CPU.Build.0 = Debug|Any CPU
		{5B0B44E7-0B59-466A-9192-B147FE7D836F}.Release|Any CPU.ActiveCfg = Release|Any CPU
		{5B0B44E7-0B59-466A-9192-B147FE7D836F}.Release|Any CPU.Build.0 = Release|Any CPU
		{C7997784-FA4F-4E28-86CA-86077999C3B1}.Debug|Any CPU.ActiveCfg = Debug|Any CPU
		{C7997784-FA4F-4E28-86CA-86077999C3B1}.Debug|Any CPU.Build.0 = Debug|Any CPU
		{C7997784-FA4F-4E28-86CA-86077999C3B1}.Release|Any CPU.ActiveCfg = Release|Any CPU
		{C7997784-FA4F-4E28-86CA-86077999C3B1}.Release|Any CPU.Build.0 = Release|Any CPU
		{84E155D8-519B-412B-BFA5-E86149EF2B82}.Debug|Any CPU.ActiveCfg = Debug|Any CPU
		{84E155D8-519B-412B-BFA5-E86149EF2B82}.Debug|Any CPU.Build.0 = Debug|Any CPU
		{84E155D8-519B-412B-BFA5-E86149EF2B82}.Release|Any CPU.ActiveCfg = Release|Any CPU
		{84E155D8-519B-412B-BFA5-E86149EF2B82}.Release|Any CPU.Build.0 = Release|Any CPU
	EndGlobalSection
	GlobalSection(SolutionProperties) = preSolution
		HideSolutionNode = FALSE
	EndGlobalSection
	GlobalSection(ExtensibilityGlobals) = postSolution
		SolutionGuid = {23CF4CC0-2BCB-43AD-AB6C-EDBE03F48A07}
	EndGlobalSection
EndGlobal
